{
  "lockfileVersion": 1,
  "dependencies": {
    "censorify-xue": {
      "version": "0.0.3",
      "resolved": "https://registry.npmjs.org/censorify-xue/-/censorify-xue-0.0.3.tgz",
      "integrity": "sha512-NciuKrT2G1e0HuKKhlEQin+ojWbn5bhZs05Pno9rGmwFFnun6+mlTGBHqzeoEtN4yKkWhczwJ7YsOh0GfUtU7A=="
    }
  }
}
